
Microsoft Visual Studio Solution File, Format Version 12.00
# Visual Studio Version 16
VisualStudioVersion = 16.0.31729.503
MinimumVisualStudioVersion = 10.0.40219.1
Project("{9A19103F-16F7-4668-BE54-9A1E7A4F7556}") = "MongoDBDemo", "MongoDBDemo\MongoDBDemo.csproj", "{9BF26E22-932C-4016-9F99-FC2D92EFD3D0}"
EndProject
Project("{FAE04EC0-301F-11D3-BF4B-00C04F79EFBC}") = "MongoDataAccess", "MongoDataAccess\MongoDataAccess.csproj", "{A7680C88-3C63-4EA9-8443-C5B55877D818}"
EndProject
Global
	GlobalSection(SolutionConfigurationPlatforms) = preSolution
		Debug|Any CPU = Debug|Any CPU
		Release|Any CPU = Release|Any CPU
	EndGlobalSection
	GlobalSection(ProjectConfigurationPlatforms) = postSolution
		{9BF26E22-932C-4016-9F99-FC2D92EFD3D0}.Debug|Any CPU.ActiveCfg = Debug|Any CPU
		{9BF26E22-932C-4016-9F99-FC2D92EFD3D0}.Debug|Any CPU.Build.0 = Debug|Any CPU
		{9BF26E22-932C-4016-9F99-FC2D92EFD3D0}.Release|Any CPU.ActiveCfg = Release|Any CPU
		{9BF26E22-932C-4016-9F99-FC2D92EFD3D0}.Release|Any CPU.Build.0 = Release|Any CPU
		{A7680C88-3C63-4EA9-8443-C5B55877D818}.Debug|Any CPU.ActiveCfg = Debug|Any CPU
		{A7680C88-3C63-4EA9-8443-C5B55877D818}.Debug|Any CPU.Build.0 = Debug|Any CPU
		{A7680C88-3C63-4EA9-8443-C5B55877D818}.Release|Any CPU.ActiveCfg = Release|Any CPU
		{A7680C88-3C63-4EA9-8443-C5B55877D818}.Release|Any CPU.Build.0 = Release|Any CPU
	EndGlobalSection
	GlobalSection(SolutionProperties) = preSolution
		HideSolutionNode = FALSE
	EndGlobalSection
	GlobalSection(ExtensibilityGlobals) = postSolution
		SolutionGuid = {32F1A0A3-DBB0-4956-978D-AAD00F9C9788}
	EndGlobalSection
EndGlobal
